
Microsoft Visual Studio Solution File, Format Version 12.00
# Visual Studio Version 16
VisualStudioVersion = 16.0.29911.84
MinimumVisualStudioVersion = 10.0.40219.1
Project("{FAE04EC0-301F-11D3-BF4B-00C04F79EFBC}") = "fight-game", "fight-game\fight-game.csproj", "{32A18215-0A52-40CE-A307-2B0F2C2F8FCD}"
EndProject
Global
	GlobalSection(SolutionConfigurationPlatforms) = preSolution
		Debug|Any CPU = Debug|Any CPU
		Release|Any CPU = Release|Any CPU
	EndGlobalSection
	GlobalSection(ProjectConfigurationPlatforms) = postSolution
		{32A18215-0A52-40CE-A307-2B0F2C2F8FCD}.Debug|Any CPU.ActiveCfg = Debug|Any CPU
		{32A18215-0A52-40CE-A307-2B0F2C2F8FCD}.Debug|Any CPU.Build.0 = Debug|Any CPU
		{32A18215-0A52-40CE-A307-2B0F2C2F8FCD}.Release|Any CPU.ActiveCfg = Release|Any CPU
		{32A18215-0A52-40CE-A307-2B0F2C2F8FCD}.Release|Any CPU.Build.0 = Release|Any CPU
	EndGlobalSection
	GlobalSection(SolutionProperties) = preSolution
		HideSolutionNode = FALSE
	EndGlobalSection
	GlobalSection(ExtensibilityGlobals) = postSolution
		SolutionGuid = {F69CD2EA-1FED-461C-913A-7A9E289E3F60}
	EndGlobalSection
EndGlobal
